// !$*UTF8*$!
{
	archiveVersion = 1;
	classes = {
	};
	objectVersion = 77;
	objects = {

/* Begin PBXContainerItemProxy section */
		F247215F2DCE11AE003336CD /* PBXContainerItemProxy */ = {
			isa = PBXContainerItemProxy;
			containerPortal = F24721402DCE11AC003336CD /* Project object */;
			proxyType = 1;
			remoteGlobalIDString = F24721472DCE11AC003336CD;
			remoteInfo = gavgav;
		};
		F24721692DCE11AE003336CD /* PBXContainerItemProxy */ = {
			isa = PBXContainerItemProxy;
			containerPortal = F24721402DCE11AC003336CD /* Project object */;
			proxyType = 1;
			remoteGlobalIDString = F24721472DCE11AC003336CD;
			remoteInfo = gavgav;
		};
/* End PBXContainerItemProxy section */

/* Begin PBXFileReference section */
		F24721482DCE11AC003336CD /* gavgav.app */ = {isa = PBXFileReference; explicitFileType = wrapper.application; includeInIndex = 0; path = gavgav.app; sourceTree = BUILT_PRODUCTS_DIR; };
		F247215E2DCE11AE003336CD /* gavgavTests.xctest */ = {isa = PBXFileReference; explicitFileType = wrapper.cfbundle; includeInIndex = 0; path = gavgavTests.xctest; sourceTree = BUILT_PRODUCTS_DIR; };
		F24721682DCE11AE003336CD /* gavgavUITests.xctest */ = {isa = PBXFileReference; explicitFileType = wrapper.cfbundle; includeInIndex = 0; path = gavgavUITests.xctest; sourceTree = BUILT_PRODUCTS_DIR; };
/* End PBXFileReference section */

/* Begin PBXFileSystemSynchronizedBuildFileExceptionSet section */
		F24721702DCE11AE003336CD /* Exceptions for "gavgav" folder in "gavgav" target */ = {
			isa = PBXFileSystemSynchronizedBuildFileExceptionSet;
			membershipExceptions = (
				Info.plist,
			);
			target = F24721472DCE11AC003336CD /* gavgav */;
		};
/* End PBXFileSystemSynchronizedBuildFileExceptionSet section */

/* Begin PBXFileSystemSynchronizedRootGroup section */
		F247214A2DCE11AC003336CD /* gavgav */ = {
			isa = PBXFileSystemSynchronizedRootGroup;
			exceptions = (
				F24721702DCE11AE003336CD /* Exceptions for "gavgav" folder in "gavgav" target */,
			);
			path = gavgav;
			sourceTree = "<group>";
		};
		F24721612DCE11AE003336CD /* gavgavTests */ = {
			isa = PBXFileSystemSynchronizedRootGroup;
			path = gavgavTests;
			sourceTree = "<group>";
		};
		F247216B2DCE11AE003336CD /* gavgavUITests */ = {
			isa = PBXFileSystemSynchronizedRootGroup;
			path = gavgavUITests;
			sourceTree = "<group>";
		};
/* End PBXFileSystemSynchronizedRootGroup section */

/* Begin PBXFrameworksBuildPhase section */
		F24721452DCE11AC003336CD /* Frameworks */ = {
			isa = PBXFrameworksBuildPhase;
			buildActionMask = 2147483647;
			files = (
			);
			runOnlyForDeploymentPostprocessing = 0;
		};
		F247215B2DCE11AE003336CD /* Frameworks */ = {
			isa = PBXFrameworksBuildPhase;
			buildActionMask = 2147483647;
			files = (
			);
			runOnlyForDeploymentPostprocessing = 0;
		};
		F24721652DCE11AE003336CD /* Frameworks */ = {
			isa = PBXFrameworksBuildPhase;
			buildActionMask = 2147483647;
			files = (
			);
			runOnlyForDeploymentPostprocessing = 0;
		};
/* End PBXFrameworksBuildPhase section */

/* Begin PBXGroup section */
		F247213F2DCE11AC003336CD = {
			isa = PBXGroup;
			children = (
				F247214A2DCE11AC003336CD /* gavgav */,
				F24721612DCE11AE003336CD /* gavgavTests */,
				F247216B2DCE11AE003336CD /* gavgavUITests */,
				F24721492DCE11AC003336CD /* Products */,
			);
			sourceTree = "<group>";
		};
		F24721492DCE11AC003336CD /* Products */ = {
			isa = PBXGroup;
			children = (
				F24721482DCE11AC003336CD /* gavgav.app */,
				F247215E2DCE11AE003336CD /* gavgavTests.xctest */,
				F24721682DCE11AE003336CD /* gavgavUITests.xctest */,
			);
			name = Products;
			sourceTree = "<group>";
		};
/* End PBXGroup section */

/* Begin PBXNativeTarget section */
		F24721472DCE11AC003336CD /* gavgav */ = {
			isa = PBXNativeTarget;
			buildConfigurationList = F24721712DCE11AE003336CD /* Build configuration list for PBXNativeTarget "gavgav" */;
			buildPhases = (
				F24721442DCE11AC003336CD /* Sources */,
				F24721452DCE11AC003336CD /* Frameworks */,
				F24721462DCE11AC003336CD /* Resources */,
			);
			buildRules = (
			);
			dependencies = (
			);
			fileSystemSynchronizedGroups = (
				F247214A2DCE11AC003336CD /* gavgav */,
			);
			name = gavgav;
			packageProductDependencies = (
			);
			productName = gavgav;
			productReference = F24721482DCE11AC003336CD /* gavgav.app */;
			productType = "com.apple.product-type.application";
		};
		F247215D2DCE11AE003336CD /* gavgavTests */ = {
			isa = PBXNativeTarget;
			buildConfigurationList = F24721762DCE11AE003336CD /* Build configuration list for PBXNativeTarget "gavgavTests" */;
			buildPhases = (
				F247215A2DCE11AE003336CD /* Sources */,
				F247215B2DCE11AE003336CD /* Frameworks */,
				F247215C2DCE11AE003336CD /* Resources */,
			);
			buildRules = (
			);
			dependencies = (
				F24721602DCE11AE003336CD /* PBXTargetDependency */,
			);
			fileSystemSynchronizedGroups = (
				F24721612DCE11AE003336CD /* gavgavTests */,
			);
			name = gavgavTests;
			packageProductDependencies = (
			);
			productName = gavgavTests;
			productReference = F247215E2DCE11AE003336CD /* gavgavTests.xctest */;
			productType = "com.apple.product-type.bundle.unit-test";
		};
		F24721672DCE11AE003336CD /* gavgavUITests */ = {
			isa = PBXNativeTarget;
			buildConfigurationList = F24721792DCE11AE003336CD /* Build configuration list for PBXNativeTarget "gavgavUITests" */;
			buildPhases = (
				F24721642DCE11AE003336CD /* Sources */,
				F24721652DCE11AE003336CD /* Frameworks */,
				F24721662DCE11AE003336CD /* Resources */,
			);
			buildRules = (
			);
			dependencies = (
				F247216A2DCE11AE003336CD /* PBXTargetDependency */,
			);
			fileSystemSynchronizedGroups = (
				F247216B2DCE11AE003336CD /* gavgavUITests */,
			);
			name = gavgavUITests;
			packageProductDependencies = (
			);
			productName = gavgavUITests;
			productReference = F24721682DCE11AE003336CD /* gavgavUITests.xctest */;
			productType = "com.apple.product-type.bundle.ui-testing";
		};
/* End PBXNativeTarget section */

/* Begin PBXProject section */
		F24721402DCE11AC003336CD /* Project object */ = {
			isa = PBXProject;
			attributes = {
				BuildIndependentTargetsInParallel = 1;
				LastSwiftUpdateCheck = 1620;
				LastUpgradeCheck = 1620;
				TargetAttributes = {
					F24721472DCE11AC003336CD = {
						CreatedOnToolsVersion = 16.2;
					};
					F247215D2DCE11AE003336CD = {
						CreatedOnToolsVersion = 16.2;
						TestTargetID = F24721472DCE11AC003336CD;
					};
					F24721672DCE11AE003336CD = {
						CreatedOnToolsVersion = 16.2;
						TestTargetID = F24721472DCE11AC003336CD;
					};
				};
			};
			buildConfigurationList = F24721432DCE11AC003336CD /* Build configuration list for PBXProject "gavgav" */;
			developmentRegion = en;
			hasScannedForEncodings = 0;
			knownRegions = (
				en,
				Base,
			);
			mainGroup = F247213F2DCE11AC003336CD;
			minimizedProjectReferenceProxies = 1;
			preferredProjectObjectVersion = 77;
			productRefGroup = F24721492DCE11AC003336CD /* Products */;
			projectDirPath = "";
			projectRoot = "";
			targets = (
				F24721472DCE11AC003336CD /* gavgav */,
				F247215D2DCE11AE003336CD /* gavgavTests */,
				F24721672DCE11AE003336CD /* gavgavUITests */,
			);
		};
/* End PBXProject section */

/* Begin PBXResourcesBuildPhase section */
		F24721462DCE11AC003336CD /* Resources */ = {
			isa = PBXResourcesBuildPhase;
			buildActionMask = 2147483647;
			files = (
			);
			runOnlyForDeploymentPostprocessing = 0;
		};
		F247215C2DCE11AE003336CD /* Resources */ = {
			isa = PBXResourcesBuildPhase;
			buildActionMask = 2147483647;
			files = (
			);
			runOnlyForDeploymentPostprocessing = 0;
		};
		F24721662DCE11AE003336CD /* Resources */ = {
			isa = PBXResourcesBuildPhase;
			buildActionMask = 2147483647;
			files = (
			);
			runOnlyForDeploymentPostprocessing = 0;
		};
/* End PBXResourcesBuildPhase section */

/* Begin PBXSourcesBuildPhase section */
		F24721442DCE11AC003336CD /* Sources */ = {
			isa = PBXSourcesBuildPhase;
			buildActionMask = 2147483647;
			files = (
			);
			runOnlyForDeploymentPostprocessing = 0;
		};
		F247215A2DCE11AE003336CD /* Sources */ = {
			isa = PBXSourcesBuildPhase;
			buildActionMask = 2147483647;
			files = (
			);
			runOnlyForDeploymentPostprocessing = 0;
		};
		F24721642DCE11AE003336CD /* Sources */ = {
			isa = PBXSourcesBuildPhase;
			buildActionMask = 2147483647;
			files = (
			);
			runOnlyForDeploymentPostprocessing = 0;
		};
/* End PBXSourcesBuildPhase section */

/* Begin PBXTargetDependency section */
		F24721602DCE11AE003336CD /* PBXTargetDependency */ = {
			isa = PBXTargetDependency;
			target = F24721472DCE11AC003336CD /* gavgav */;
			targetProxy = F247215F2DCE11AE003336CD /* PBXContainerItemProxy */;
		};
		F247216A2DCE11AE003336CD /* PBXTargetDependency */ = {
			isa = PBXTargetDependency;
			target = F24721472DCE11AC003336CD /* gavgav */;
			targetProxy = F24721692DCE11AE003336CD /* PBXContainerItemProxy */;
		};
/* End PBXTargetDependency section */

/* Begin XCBuildConfiguration section */
		F24721722DCE11AE003336CD /* Debug */ = {
			isa = XCBuildConfiguration;
			buildSettings = {
				ASSETCATALOG_COMPILER_APPICON_NAME = AppIcon;
				ASSETCATALOG_COMPILER_GLOBAL_ACCENT_COLOR_NAME = AccentColor;
				CODE_SIGN_STYLE = Automatic;
				CURRENT_PROJECT_VERSION = 1;
				DEVELOPMENT_TEAM = CUSRB2J8W9;
				GENERATE_INFOPLIST_FILE = YES;
				INFOPLIST_FILE = gavgav/Info.plist;
				INFOPLIST_KEY_UIApplicationSupportsIndirectInputEvents = YES;
				INFOPLIST_KEY_UILaunchStoryboardName = LaunchScreen;
				INFOPLIST_KEY_UISupportedInterfaceOrientations_iPad = "UIInterfaceOrientationPortrait UIInterfaceOrientationPortraitUpsideDown UIInterfaceOrientationLandscapeLeft UIInterfaceOrientationLandscapeRight";
				INFOPLIST_KEY_UISupportedInterfaceOrientations_iPhone = "UIInterfaceOrientationPortrait UIInterfaceOrientationLandscapeLeft UIInterfaceOrientationLandscapeRight";
				LD_RUNPATH_SEARCH_PATHS = (
					"$(inherited)",
					"@executable_path/Frameworks",
				);
				MARKETING_VERSION = 1.0;
				PRODUCT_BUNDLE_IDENTIFIER = com.bayanbayevasm.gavgav;
				PRODUCT_NAME = "$(TARGET_NAME)";
				SWIFT_EMIT_LOC_STRINGS = YES;
				SWIFT_VERSION = 5.0;
				TARGETED_DEVICE_FAMILY = "1,2";
			};
			name = Debug;
		};
		F24721732DCE11AE003336CD /* Release */ = {
			isa = XCBuildConfiguration;
			buildSettings = {
				ASSETCATALOG_COMPILER_APPICON_NAME = AppIcon;
				ASSETCATALOG_COMPILER_GLOBAL_ACCENT_COLOR_NAME = AccentColor;
				CODE_SIGN_STYLE = Automatic;
				CURRENT_PROJECT_VERSION = 1;
				DEVELOPMENT_TEAM = CUSRB2J8W9;
				GENERATE_INFOPLIST_FILE = YES;
				INFOPLIST_FILE = gavgav/Info.plist;
				INFOPLIST_KEY_UIApplicationSupportsIndirectInputEvents = YES;
				INFOPLIST_KEY_UILaunchStoryboardName = LaunchScreen;
				INFOPLIST_KEY_UISupportedInterfaceOrientations_iPad = "UIInterfaceOrientationPortrait UIInterfaceOrientationPortraitUpsideDown UIInterfaceOrientationLandscapeLeft UIInterfaceOrientationLandscapeRight";
				INFOPLIST_KEY_UISupportedInterfaceOrientations_iPhone = "UIInterfaceOrientationPortrait UIInterfaceOrientationLandscapeLeft UIInterfaceOrientationLandscapeRight";
				LD_RUNPATH_SEARCH_PATHS = (
					"$(inherited)",
					"@executable_path/Frameworks",
				);
				MARKETING_VERSION = 1.0;
				PRODUCT_BUNDLE_IDENTIFIER = com.bayanbayevasm.gavgav;
				PRODUCT_NAME = "$(TARGET_NAME)";
				SWIFT_EMIT_LOC_STRINGS = YES;
				SWIFT_VERSION = 5.0;
				TARGETED_DEVICE_FAMILY = "1,2";
			};
			name = Release;
		};
		F24721742DCE11AE003336CD /* Debug */ = {
			isa = XCBuildConfiguration;
			buildSettings = {
				ALWAYS_SEARCH_USER_PATHS = NO;
				ASSETCATALOG_COMPILER_GENERATE_SWIFT_ASSET_SYMBOL_EXTENSIONS = YES;
				CLANG_ANALYZER_NONNULL = YES;
				CLANG_ANALYZER_NUMBER_OBJECT_CONVERSION = YES_AGGRESSIVE;
				CLANG_CXX_LANGUAGE_STANDARD = "gnu++20";
				CLANG_ENABLE_MODULES = YES;
				CLANG_ENABLE_OBJC_ARC = YES;
				CLANG_ENABLE_OBJC_WEAK = YES;
				CLANG_WARN_BLOCK_CAPTURE_AUTORELEASING = YES;
				CLANG_WARN_BOOL_CONVERSION = YES;
				CLANG_WARN_COMMA = YES;
				CLANG_WARN_CONSTANT_CONVERSION = YES;
				CLANG_WARN_DEPRECATED_OBJC_IMPLEMENTATIONS = YES;
				CLANG_WARN_DIRECT_OBJC_ISA_USAGE = YES_ERROR;
				CLANG_WARN_DOCUMENTATION_COMMENTS = YES;
				CLANG_WARN_EMPTY_BODY = YES;
				CLANG_WARN_ENUM_CONVERSION = YES;
				CLANG_WARN_INFINITE_RECURSION = YES;
				CLANG_WARN_INT_CONVERSION = YES;
				CLANG_WARN_NON_LITERAL_NULL_CONVERSION = YES;
				CLANG_WARN_OBJC_IMPLICIT_RETAIN_SELF = YES;
				CLANG_WARN_OBJC_LITERAL_CONVERSION = YES;
				CLANG_WARN_OBJC_ROOT_CLASS = YES_ERROR;
				CLANG_WARN_QUOTED_INCLUDE_IN_FRAMEWORK_HEADER = YES;
				CLANG_WARN_RANGE_LOOP_ANALYSIS = YES;
				CLANG_WARN_STRICT_PROTOTYPES = YES;
				CLANG_WARN_SUSPICIOUS_MOVE = YES;
				CLANG_WARN_UNGUARDED_AVAILABILITY = YES_AGGRESSIVE;
				CLANG_WARN_UNREACHABLE_CODE = YES;
				CLANG_WARN__DUPLICATE_METHOD_MATCH = YES;
				COPY_PHASE_STRIP = NO;
				DEBUG_INFORMATION_FORMAT = dwarf;
				ENABLE_STRICT_OBJC_MSGSEND = YES;
				ENABLE_TESTABILITY = YES;
				ENABLE_USER_SCRIPT_SANDBOXING = YES;
				GCC_C_LANGUAGE_STANDARD = gnu17;
				GCC_DYNAMIC_NO_PIC = NO;
				GCC_NO_COMMON_BLOCKS = YES;
				GCC_OPTIMIZATION_LEVEL = 0;
				GCC_PREPROCESSOR_DEFINITIONS = (
					"DEBUG=1",
					"$(inherited)",
				);
				GCC_WARN_64_TO_32_BIT_CONVERSION = YES;
				GCC_WARN_ABOUT_RETURN_TYPE = YES_ERROR;
				GCC_WARN_UNDECLARED_SELECTOR = YES;
				GCC_WARN_UNINITIALIZED_AUTOS = YES_AGGRESSIVE;
				GCC_WARN_UNUSED_FUNCTION = YES;
				GCC_WARN_UNUSED_VARIABLE = YES;
				IPHONEOS_DEPLOYMENT_TARGET = 18.2;
				LOCALIZATION_PREFERS_STRING_CATALOGS = YES;
				MTL_ENABLE_DEBUG_INFO = INCLUDE_SOURCE;
				MTL_FAST_MATH = YES;
				ONLY_ACTIVE_ARCH = YES;
				SDKROOT = iphoneos;
				SWIFT_ACTIVE_COMPILATION_CONDITIONS = "DEBUG $(inherited)";
				SWIFT_OPTIMIZATION_LEVEL = "-Onone";
			};
			name = Debug;
		};
		F24721752DCE11AE003336CD /* Release */ = {
			isa = XCBuildConfiguration;
			buildSettings = {
				ALWAYS_SEARCH_USER_PATHS = NO;
				ASSETCATALOG_COMPILER_GENERATE_SWIFT_ASSET_SYMBOL_EXTENSIONS = YES;
				CLANG_ANALYZER_NONNULL = YES;
				CLANG_ANALYZER_NUMBER_OBJECT_CONVERSION = YES_AGGRESSIVE;
				CLANG_CXX_LANGUAGE_STANDARD = "gnu++20";
				CLANG_ENABLE_MODULES = YES;
				CLANG_ENABLE_OBJC_ARC = YES;
				CLANG_ENABLE_OBJC_WEAK = YES;
				CLANG_WARN_BLOCK_CAPTURE_AUTORELEASING = YES;
				CLANG_WARN_BOOL_CONVERSION = YES;
				CLANG_WARN_COMMA = YES;
				CLANG_WARN_CONSTANT_CONVERSION = YES;
				CLANG_WARN_DEPRECATED_OBJC_IMPLEMENTATIONS = YES;
				CLANG_WARN_DIRECT_OBJC_ISA_USAGE = YES_ERROR;
				CLANG_WARN_DOCUMENTATION_COMMENTS = YES;
				CLANG_WARN_EMPTY_BODY = YES;
				CLANG_WARN_ENUM_CONVERSION = YES;
				CLANG_WARN_INFINITE_RECURSION = YES;
				CLANG_WARN_INT_CONVERSION = YES;
				CLANG_WARN_NON_LITERAL_NULL_CONVERSION = YES;
				CLANG_WARN_OBJC_IMPLICIT_RETAIN_SELF = YES;
				CLANG_WARN_OBJC_LITERAL_CONVERSION = YES;
				CLANG_WARN_OBJC_ROOT_CLASS = YES_ERROR;
				CLANG_WARN_QUOTED_INCLUDE_IN_FRAMEWORK_HEADER = YES;
				CLANG_WARN_RANGE_LOOP_ANALYSIS = YES;
				CLANG_WARN_STRICT_PROTOTYPES = YES;
				CLANG_WARN_SUSPICIOUS_MOVE = YES;
				CLANG_WARN_UNGUARDED_AVAILABILITY = YES_AGGRESSIVE;
				CLANG_WARN_UNREACHABLE_CODE = YES;
				CLANG_WARN__DUPLICATE_METHOD_MATCH = YES;
				COPY_PHASE_STRIP = NO;
				DEBUG_INFORMATION_FORMAT = "dwarf-with-dsym";
				ENABLE_NS_ASSERTIONS = NO;
				ENABLE_STRICT_OBJC_MSGSEND = YES;
				ENABLE_USER_SCRIPT_SANDBOXING = YES;
				GCC_C_LANGUAGE_STANDARD = gnu17;
				GCC_NO_COMMON_BLOCKS = YES;
				GCC_WARN_64_TO_32_BIT_CONVERSION = YES;
				GCC_WARN_ABOUT_RETURN_TYPE = YES_ERROR;
				GCC_WARN_UNDECLARED_SELECTOR = YES;
				GCC_WARN_UNINITIALIZED_AUTOS = YES_AGGRESSIVE;
				GCC_WARN_UNUSED_FUNCTION = YES;
				GCC_WARN_UNUSED_VARIABLE = YES;
				IPHONEOS_DEPLOYMENT_TARGET = 18.2;
				LOCALIZATION_PREFERS_STRING_CATALOGS = YES;
				MTL_ENABLE_DEBUG_INFO = NO;
				MTL_FAST_MATH = YES;
				SDKROOT = iphoneos;
				SWIFT_COMPILATION_MODE = wholemodule;
				VALIDATE_PRODUCT = YES;
			};
			name = Release;
		};
		F24721772DCE11AE003336CD /* Debug */ = {
			isa = XCBuildConfiguration;
			buildSettings = {
				BUNDLE_LOADER = "$(TEST_HOST)";
				CODE_SIGN_STYLE = Automatic;
				CURRENT_PROJECT_VERSION = 1;
				DEVELOPMENT_TEAM = CUSRB2J8W9;
				GENERATE_INFOPLIST_FILE = YES;
				IPHONEOS_DEPLOYMENT_TARGET = 18.2;
				MARKETING_VERSION = 1.0;
				PRODUCT_BUNDLE_IDENTIFIER = com.bayanbayevasm.gavgavTests;
				PRODUCT_NAME = "$(TARGET_NAME)";
				SWIFT_EMIT_LOC_STRINGS = NO;
				SWIFT_VERSION = 5.0;
				TARGETED_DEVICE_FAMILY = "1,2";
				TEST_HOST = "$(BUILT_PRODUCTS_DIR)/gavgav.app/$(BUNDLE_EXECUTABLE_FOLDER_PATH)/gavgav";
			};
			name = Debug;
		};
		F24721782DCE11AE003336CD /* Release */ = {
			isa = XCBuildConfiguration;
			buildSettings = {
				BUNDLE_LOADER = "$(TEST_HOST)";
				CODE_SIGN_STYLE = Automatic;
				CURRENT_PROJECT_VERSION = 1;
				DEVELOPMENT_TEAM = CUSRB2J8W9;
				GENERATE_INFOPLIST_FILE = YES;
				IPHONEOS_DEPLOYMENT_TARGET = 18.2;
				MARKETING_VERSION = 1.0;
				PRODUCT_BUNDLE_IDENTIFIER = com.bayanbayevasm.gavgavTests;
				PRODUCT_NAME = "$(TARGET_NAME)";
				SWIFT_EMIT_LOC_STRINGS = NO;
				SWIFT_VERSION = 5.0;
				TARGETED_DEVICE_FAMILY = "1,2";
				TEST_HOST = "$(BUILT_PRODUCTS_DIR)/gavgav.app/$(BUNDLE_EXECUTABLE_FOLDER_PATH)/gavgav";
			};
			name = Release;
		};
		F247217A2DCE11AE003336CD /* Debug */ = {
			isa = XCBuildConfiguration;
			buildSettings = {
				CODE_SIGN_STYLE = Automatic;
				CURRENT_PROJECT_VERSION = 1;
				DEVELOPMENT_TEAM = CUSRB2J8W9;
				GENERATE_INFOPLIST_FILE = YES;
				MARKETING_VERSION = 1.0;
				PRODUCT_BUNDLE_IDENTIFIER = com.bayanbayevasm.gavgavUITests;
				PRODUCT_NAME = "$(TARGET_NAME)";
				SWIFT_EMIT_LOC_STRINGS = NO;
				SWIFT_VERSION = 5.0;
				TARGETED_DEVICE_FAMILY = "1,2";
				TEST_TARGET_NAME = gavgav;
			};
			name = Debug;
		};
		F247217B2DCE11AE003336CD /* Release */ = {
			isa = XCBuildConfiguration;
			buildSettings = {
				CODE_SIGN_STYLE = Automatic;
				CURRENT_PROJECT_VERSION = 1;
				DEVELOPMENT_TEAM = CUSRB2J8W9;
				GENERATE_INFOPLIST_FILE = YES;
				MARKETING_VERSION = 1.0;
				PRODUCT_BUNDLE_IDENTIFIER = com.bayanbayevasm.gavgavUITests;
				PRODUCT_NAME = "$(TARGET_NAME)";
				SWIFT_EMIT_LOC_STRINGS = NO;
				SWIFT_VERSION = 5.0;
				TARGETED_DEVICE_FAMILY = "1,2";
				TEST_TARGET_NAME = gavgav;
			};
			name = Release;
		};
/* End XCBuildConfiguration section */

/* Begin XCConfigurationList section */
		F24721432DCE11AC003336CD /* Build configuration list for PBXProject "gavgav" */ = {
			isa = XCConfigurationList;
			buildConfigurations = (
				F24721742DCE11AE003336CD /* Debug */,
				F24721752DCE11AE003336CD /* Release */,
			);
			defaultConfigurationIsVisible = 0;
			defaultConfigurationName = Release;
		};
		F24721712DCE11AE003336CD /* Build configuration list for PBXNativeTarget "gavgav" */ = {
			isa = XCConfigurationList;
			buildConfigurations = (
				F24721722DCE11AE003336CD /* Debug */,
				F24721732DCE11AE003336CD /* Release */,
			);
			defaultConfigurationIsVisible = 0;
			defaultConfigurationName = Release;
		};
		F24721762DCE11AE003336CD /* Build configuration list for PBXNativeTarget "gavgavTests" */ = {
			isa = XCConfigurationList;
			buildConfigurations = (
				F24721772DCE11AE003336CD /* Debug */,
				F24721782DCE11AE003336CD /* Release */,
			);
			defaultConfigurationIsVisible = 0;
			defaultConfigurationName = Release;
		};
		F24721792DCE11AE003336CD /* Build configuration list for PBXNativeTarget "gavgavUITests" */ = {
			isa = XCConfigurationList;
			buildConfigurations = (
				F247217A2DCE11AE003336CD /* Debug */,
				F247217B2DCE11AE003336CD /* Release */,
			);
			defaultConfigurationIsVisible = 0;
			defaultConfigurationName = Release;
		};
/* End XCConfigurationList section */
	};
	rootObject = F24721402DCE11AC003336CD /* Project object */;
}
